
Microsoft Visual Studio Solution File, Format Version 12.00
# Visual Studio Version 16
VisualStudioVersion = 16.0.31605.320
MinimumVisualStudioVersion = 10.0.40219.1
Project("{2150E333-8FDC-42A3-9474-1A3956D46DE8}") = "src", "src", "{333937B6-27B8-481E-9030-BB763B6FCECF}"
EndProject
Project("{2150E333-8FDC-42A3-9474-1A3956D46DE8}") = "Common", "Common", "{CCE0BF05-D762-484E-B7A9-FE97CF19A0E1}"
EndProject
Project("{2150E333-8FDC-42A3-9474-1A3956D46DE8}") = "Gateways", "Gateways", "{15FCFB4E-03F4-4B8F-8408-E5E09298F094}"
EndProject
Project("{2150E333-8FDC-42A3-9474-1A3956D46DE8}") = "Services", "Services", "{5B5D2B48-9DA6-4ECE-B44E-B5ECA30BBB2F}"
EndProject
Project("{2150E333-8FDC-42A3-9474-1A3956D46DE8}") = "Catalag", "Catalag", "{4931AABF-08BD-4B32-BFF3-8653CE3ACE7B}"
EndProject
Project("{2150E333-8FDC-42A3-9474-1A3956D46DE8}") = "Common", "Common", "{E0610047-8041-488C-ADFC-69C71057D1C4}"
EndProject
Project("{2150E333-8FDC-42A3-9474-1A3956D46DE8}") = "Customer", "Customer", "{91419340-17BD-48D6-973F-B4E246C6350D}"
EndProject
Project("{2150E333-8FDC-42A3-9474-1A3956D46DE8}") = "Identity", "Identity", "{91F4D513-2817-40B6-BFE1-42742A89CC73}"
EndProject
Project("{2150E333-8FDC-42A3-9474-1A3956D46DE8}") = "Order", "Order", "{6B6F234C-0159-4302-BC8F-A066656E7F50}"
EndProject
Project("{2150E333-8FDC-42A3-9474-1A3956D46DE8}") = "01.API", "01.API", "{5686741E-650E-46BA-A5AF-B90C4D984603}"
EndProject
Project("{2150E333-8FDC-42A3-9474-1A3956D46DE8}") = "02.Services", "02.Services", "{1B010579-92D9-492A-A5FB-808AE81194F9}"
EndProject
Project("{2150E333-8FDC-42A3-9474-1A3956D46DE8}") = "03.Persistence", "03.Persistence", "{54F61928-E3DC-4C46-8432-EF00E5D58D39}"
EndProject
Project("{2150E333-8FDC-42A3-9474-1A3956D46DE8}") = "04.Models", "04.Models", "{3B6347A3-EBFA-4780-B272-1DBF4B3317B7}"
EndProject
Project("{2150E333-8FDC-42A3-9474-1A3956D46DE8}") = "05.Common", "05.Common", "{0D633EB3-F52B-44E2-9681-91EDA1A3C360}"
EndProject
Project("{2150E333-8FDC-42A3-9474-1A3956D46DE8}") = "01.API", "01.API", "{10B4FFE4-7078-4502-B7D9-470D229A885C}"
EndProject
Project("{2150E333-8FDC-42A3-9474-1A3956D46DE8}") = "01.API", "01.API", "{963DC70F-9786-40A6-9ED8-4576219352E4}"
EndProject
Project("{2150E333-8FDC-42A3-9474-1A3956D46DE8}") = "01.API", "01.API", "{AC8862FB-0BCB-4CDC-8C8F-EDB6BFC9C5A9}"
EndProject
Project("{2150E333-8FDC-42A3-9474-1A3956D46DE8}") = "01.API", "01.API", "{7DCBA4DD-318A-4D2F-9E84-F99177B516F1}"
EndProject
Project("{9A19103F-16F7-4668-BE54-9A1E7A4F7556}") = "Catalag.Api", "Catalag.Api\Catalag.Api.csproj", "{A2555D0C-23C7-4B41-8F7B-2635771CA2CE}"
EndProject
Project("{9A19103F-16F7-4668-BE54-9A1E7A4F7556}") = "Customer.Api", "Customer.Api\Customer.Api.csproj", "{B88EA9E5-4E69-41E9-A5FF-874273AEA444}"
EndProject
Project("{9A19103F-16F7-4668-BE54-9A1E7A4F7556}") = "Identity.Api", "Identity.Api\Identity.Api.csproj", "{9DD6AC6E-3BE5-461C-BE70-19412E7C95DB}"
EndProject
Project("{9A19103F-16F7-4668-BE54-9A1E7A4F7556}") = "Order.Api", "Order.Api\Order.Api.csproj", "{E1165EF8-1DB3-4C4E-B022-952EF63D8D45}"
EndProject
Project("{9A19103F-16F7-4668-BE54-9A1E7A4F7556}") = "Api.Gateway.WebClient", "Api.Gateway.WebClient\Api.Gateway.WebClient.csproj", "{19AED536-1D61-4CB1-9FB9-A032727E8D40}"
EndProject
Project("{9A19103F-16F7-4668-BE54-9A1E7A4F7556}") = "Catalog.Domain", "Catalog.Domain\Catalog.Domain.csproj", "{617940DE-A98E-475E-B198-90A91FB4A1D3}"
EndProject
Project("{9A19103F-16F7-4668-BE54-9A1E7A4F7556}") = "Catalag.Common", "Catalag.Common\Catalag.Common.csproj", "{8FBA0E0A-FB5E-4D79-8A0B-A147742AFF23}"
EndProject
Project("{9A19103F-16F7-4668-BE54-9A1E7A4F7556}") = "Catalog.Persistence.Database", "Catalog.Persistence.Database\Catalog.Persistence.Database.csproj", "{497E6D81-4BB5-4FF7-B8F0-A65A2A0E4C2E}"
EndProject
Project("{9A19103F-16F7-4668-BE54-9A1E7A4F7556}") = "Common.Logging", "Common.Logging\Common.Logging.csproj", "{AE4B2C9D-7300-4519-B90F-993B7F308FA9}"
EndProject
Project("{9A19103F-16F7-4668-BE54-9A1E7A4F7556}") = "Catalog.Services.Queries", "Catalog.Services.Queries\Catalog.Services.Queries.csproj", "{969CD89F-03A0-4719-A5ED-6CEA8048BE74}"
EndProject
Project("{9A19103F-16F7-4668-BE54-9A1E7A4F7556}") = "Services.Common.Collection", "Services.Common.Collection\Services.Common.Collection.csproj", "{CD584782-BC4C-4A0E-B9FA-DB4198E86FA7}"
EndProject
Project("{9A19103F-16F7-4668-BE54-9A1E7A4F7556}") = "Services.Common.Mapping", "Services.Common.Mapping\Services.Common.Mapping.csproj", "{C5F8AFD8-1F49-4B96-84BD-CA287B15974B}"
EndProject
Project("{9A19103F-16F7-4668-BE54-9A1E7A4F7556}") = "Services.Common.Paging", "Services.Common.Paging\Services.Common.Paging.csproj", "{E324A8B6-6515-49F7-B86A-9C3BA6879FF7}"
EndProject
Project("{9A19103F-16F7-4668-BE54-9A1E7A4F7556}") = "Catalog.Services.EventHandlers", "Catalog.Services.EventHandlers\Catalog.Services.EventHandlers.csproj", "{4BEFF2BF-BCE9-455B-94D8-D5F7D9F8C6AF}"
EndProject
Project("{2150E333-8FDC-42A3-9474-1A3956D46DE8}") = "03. Persistence", "03. Persistence", "{EB5ED5C6-2F64-4281-AA17-B6351FCCDD02}"
EndProject
Project("{2150E333-8FDC-42A3-9474-1A3956D46DE8}") = "02.Services", "02.Services", "{708E857D-17D9-406E-94A8-FF7EC0816E32}"
EndProject
Project("{2150E333-8FDC-42A3-9474-1A3956D46DE8}") = "04. Models", "04. Models", "{24DACB23-C5BC-4F3B-AC45-1508DA99A279}"
EndProject
Project("{9A19103F-16F7-4668-BE54-9A1E7A4F7556}") = "Identity.Domain", "Identity.Domain\Identity.Domain.csproj", "{1DB2F85E-FB7E-4A27-B98B-E056D6686597}"
EndProject
Project("{9A19103F-16F7-4668-BE54-9A1E7A4F7556}") = "Identity.Service.Queries", "Identity.Service.Queries\Identity.Service.Queries.csproj", "{67BBE372-2C57-478F-8DC9-F963E75EF26A}"
EndProject
Project("{9A19103F-16F7-4668-BE54-9A1E7A4F7556}") = "Identity.Service.EventHandlers", "Identity.Service.EventHandlers\Identity.Service.EventHandlers.csproj", "{8F8389AE-7A54-4056-992E-530B03D5AA18}"
EndProject
Project("{9A19103F-16F7-4668-BE54-9A1E7A4F7556}") = "Identity.Persistence.Database", "Identity.Persistence.Database\Identity.Persistence.Database.csproj", "{4F4FA34F-D704-4ACB-AE3E-F0824BA5F494}"
EndProject
Project("{2150E333-8FDC-42A3-9474-1A3956D46DE8}") = "02.Services", "02.Services", "{36B205EB-6311-4DEC-994C-4610B14484C7}"
EndProject
Project("{2150E333-8FDC-42A3-9474-1A3956D46DE8}") = "03. Persistence", "03. Persistence", "{6B7CD732-AE03-491E-A515-E45724298411}"
EndProject
Project("{2150E333-8FDC-42A3-9474-1A3956D46DE8}") = "04. Models", "04. Models", "{E10AECF3-4363-43E9-9412-9D84A8D20EA0}"
EndProject
Project("{2150E333-8FDC-42A3-9474-1A3956D46DE8}") = "02.Services", "02.Services", "{CAD592D4-CDE7-4AAD-BA27-C776FD8BAE25}"
EndProject
Project("{2150E333-8FDC-42A3-9474-1A3956D46DE8}") = "03. Persistence", "03. Persistence", "{55904CBD-5C28-48E6-BD0B-CDE69471D48F}"
EndProject
Project("{2150E333-8FDC-42A3-9474-1A3956D46DE8}") = "04. Models", "04. Models", "{64F3A66A-D969-4DDB-9B16-47E1DD6B5775}"
EndProject
Project("{FAE04EC0-301F-11D3-BF4B-00C04F79EFBC}") = "Customer.Persistence.Database", "Customer.Persistence.Database\Customer.Persistence.Database.csproj", "{DA14ED75-44E8-4758-A504-BE036B6829F7}"
EndProject
Project("{FAE04EC0-301F-11D3-BF4B-00C04F79EFBC}") = "Customer.Domain", "Customer.Domain\Customer.Domain.csproj", "{4EA5BFC7-0E4E-4CB0-A14E-DD44C8088686}"
EndProject
Project("{FAE04EC0-301F-11D3-BF4B-00C04F79EFBC}") = "Customer.Service.Queries", "Customer.Service.Queries\Customer.Service.Queries.csproj", "{D16DADAE-AEAD-4921-B0BA-F11B2FB363B8}"
EndProject
Project("{FAE04EC0-301F-11D3-BF4B-00C04F79EFBC}") = "Api.Gateway.Models", "Api.Gateway.Models\Api.Gateway.Models.csproj", "{B2B7456C-081C-4D32-9AE2-3411D2F15E8E}"
EndProject
Project("{FAE04EC0-301F-11D3-BF4B-00C04F79EFBC}") = "Api.Gateway.Proxies", "Api.Gateway.Proxies\Api.Gateway.Proxies.csproj", "{D6E8F260-506A-4430-8966-ACE92CC7926D}"
EndProject
Project("{FAE04EC0-301F-11D3-BF4B-00C04F79EFBC}") = "Api.Gateway.WebClient.Proxy", "Api.Gateway.WebClient.Proxy\Api.Gateway.WebClient.Proxy.csproj", "{22A36560-0561-430A-8C5F-8313DEC9360B}"
EndProject
Global
	GlobalSection(SolutionConfigurationPlatforms) = preSolution
		Debug|Any CPU = Debug|Any CPU
		Release|Any CPU = Release|Any CPU
	EndGlobalSection
	GlobalSection(ProjectConfigurationPlatforms) = postSolution
		{A2555D0C-23C7-4B41-8F7B-2635771CA2CE}.Debug|Any CPU.ActiveCfg = Debug|Any CPU
		{A2555D0C-23C7-4B41-8F7B-2635771CA2CE}.Debug|Any CPU.Build.0 = Debug|Any CPU
		{A2555D0C-23C7-4B41-8F7B-2635771CA2CE}.Release|Any CPU.ActiveCfg = Release|Any CPU
		{A2555D0C-23C7-4B41-8F7B-2635771CA2CE}.Release|Any CPU.Build.0 = Release|Any CPU
		{B88EA9E5-4E69-41E9-A5FF-874273AEA444}.Debug|Any CPU.ActiveCfg = Debug|Any CPU
		{B88EA9E5-4E69-41E9-A5FF-874273AEA444}.Debug|Any CPU.Build.0 = Debug|Any CPU
		{B88EA9E5-4E69-41E9-A5FF-874273AEA444}.Release|Any CPU.ActiveCfg = Release|Any CPU
		{B88EA9E5-4E69-41E9-A5FF-874273AEA444}.Release|Any CPU.Build.0 = Release|Any CPU
		{9DD6AC6E-3BE5-461C-BE70-19412E7C95DB}.Debug|Any CPU.ActiveCfg = Debug|Any CPU
		{9DD6AC6E-3BE5-461C-BE70-19412E7C95DB}.Debug|Any CPU.Build.0 = Debug|Any CPU
		{9DD6AC6E-3BE5-461C-BE70-19412E7C95DB}.Release|Any CPU.ActiveCfg = Release|Any CPU
		{9DD6AC6E-3BE5-461C-BE70-19412E7C95DB}.Release|Any CPU.Build.0 = Release|Any CPU
		{E1165EF8-1DB3-4C4E-B022-952EF63D8D45}.Debug|Any CPU.ActiveCfg = Debug|Any CPU
		{E1165EF8-1DB3-4C4E-B022-952EF63D8D45}.Debug|Any CPU.Build.0 = Debug|Any CPU
		{E1165EF8-1DB3-4C4E-B022-952EF63D8D45}.Release|Any CPU.ActiveCfg = Release|Any CPU
		{E1165EF8-1DB3-4C4E-B022-952EF63D8D45}.Release|Any CPU.Build.0 = Release|Any CPU
		{19AED536-1D61-4CB1-9FB9-A032727E8D40}.Debug|Any CPU.ActiveCfg = Debug|Any CPU
		{19AED536-1D61-4CB1-9FB9-A032727E8D40}.Debug|Any CPU.Build.0 = Debug|Any CPU
		{19AED536-1D61-4CB1-9FB9-A032727E8D40}.Release|Any CPU.ActiveCfg = Release|Any CPU
		{19AED536-1D61-4CB1-9FB9-A032727E8D40}.Release|Any CPU.Build.0 = Release|Any CPU
		{617940DE-A98E-475E-B198-90A91FB4A1D3}.Debug|Any CPU.ActiveCfg = Debug|Any CPU
		{617940DE-A98E-475E-B198-90A91FB4A1D3}.Debug|Any CPU.Build.0 = Debug|Any CPU
		{617940DE-A98E-475E-B198-90A91FB4A1D3}.Release|Any CPU.ActiveCfg = Release|Any CPU
		{617940DE-A98E-475E-B198-90A91FB4A1D3}.Release|Any CPU.Build.0 = Release|Any CPU
		{8FBA0E0A-FB5E-4D79-8A0B-A147742AFF23}.Debug|Any CPU.ActiveCfg = Debug|Any CPU
		{8FBA0E0A-FB5E-4D79-8A0B-A147742AFF23}.Debug|Any CPU.Build.0 = Debug|Any CPU
		{8FBA0E0A-FB5E-4D79-8A0B-A147742AFF23}.Release|Any CPU.ActiveCfg = Release|Any CPU
		{8FBA0E0A-FB5E-4D79-8A0B-A147742AFF23}.Release|Any CPU.Build.0 = Release|Any CPU
		{497E6D81-4BB5-4FF7-B8F0-A65A2A0E4C2E}.Debug|Any CPU.ActiveCfg = Debug|Any CPU
		{497E6D81-4BB5-4FF7-B8F0-A65A2A0E4C2E}.Debug|Any CPU.Build.0 = Debug|Any CPU
		{497E6D81-4BB5-4FF7-B8F0-A65A2A0E4C2E}.Release|Any CPU.ActiveCfg = Release|Any CPU
		{497E6D81-4BB5-4FF7-B8F0-A65A2A0E4C2E}.Release|Any CPU.Build.0 = Release|Any CPU
		{AE4B2C9D-7300-4519-B90F-993B7F308FA9}.Debug|Any CPU.ActiveCfg = Debug|Any CPU
		{AE4B2C9D-7300-4519-B90F-993B7F308FA9}.Debug|Any CPU.Build.0 = Debug|Any CPU
		{AE4B2C9D-7300-4519-B90F-993B7F308FA9}.Release|Any CPU.ActiveCfg = Release|Any CPU
		{AE4B2C9D-7300-4519-B90F-993B7F308FA9}.Release|Any CPU.Build.0 = Release|Any CPU
		{969CD89F-03A0-4719-A5ED-6CEA8048BE74}.Debug|Any CPU.ActiveCfg = Debug|Any CPU
		{969CD89F-03A0-4719-A5ED-6CEA8048BE74}.Debug|Any CPU.Build.0 = Debug|Any CPU
		{969CD89F-03A0-4719-A5ED-6CEA8048BE74}.Release|Any CPU.ActiveCfg = Release|Any CPU
		{969CD89F-03A0-4719-A5ED-6CEA8048BE74}.Release|Any CPU.Build.0 = Release|Any CPU
		{CD584782-BC4C-4A0E-B9FA-DB4198E86FA7}.Debug|Any CPU.ActiveCfg = Debug|Any CPU
		{CD584782-BC4C-4A0E-B9FA-DB4198E86FA7}.Debug|Any CPU.Build.0 = Debug|Any CPU
		{CD584782-BC4C-4A0E-B9FA-DB4198E86FA7}.Release|Any CPU.ActiveCfg = Release|Any CPU
		{CD584782-BC4C-4A0E-B9FA-DB4198E86FA7}.Release|Any CPU.Build.0 = Release|Any CPU
		{C5F8AFD8-1F49-4B96-84BD-CA287B15974B}.Debug|Any CPU.ActiveCfg = Debug|Any CPU
		{C5F8AFD8-1F49-4B96-84BD-CA287B15974B}.Debug|Any CPU.Build.0 = Debug|Any CPU
		{C5F8AFD8-1F49-4B96-84BD-CA287B15974B}.Release|Any CPU.ActiveCfg = Release|Any CPU
		{C5F8AFD8-1F49-4B96-84BD-CA287B15974B}.Release|Any CPU.Build.0 = Release|Any CPU
		{E324A8B6-6515-49F7-B86A-9C3BA6879FF7}.Debug|Any CPU.ActiveCfg = Debug|Any CPU
		{E324A8B6-6515-49F7-B86A-9C3BA6879FF7}.Debug|Any CPU.Build.0 = Debug|Any CPU
		{E324A8B6-6515-49F7-B86A-9C3BA6879FF7}.Release|Any CPU.ActiveCfg = Release|Any CPU
		{E324A8B6-6515-49F7-B86A-9C3BA6879FF7}.Release|Any CPU.Build.0 = Release|Any CPU
		{4BEFF2BF-BCE9-455B-94D8-D5F7D9F8C6AF}.Debug|Any CPU.ActiveCfg = Debug|Any CPU
		{4BEFF2BF-BCE9-455B-94D8-D5F7D9F8C6AF}.Debug|Any CPU.Build.0 = Debug|Any CPU
		{4BEFF2BF-BCE9-455B-94D8-D5F7D9F8C6AF}.Release|Any CPU.ActiveCfg = Release|Any CPU
		{4BEFF2BF-BCE9-455B-94D8-D5F7D9F8C6AF}.Release|Any CPU.Build.0 = Release|Any CPU
		{1DB2F85E-FB7E-4A27-B98B-E056D6686597}.Debug|Any CPU.ActiveCfg = Debug|Any CPU
		{1DB2F85E-FB7E-4A27-B98B-E056D6686597}.Debug|Any CPU.Build.0 = Debug|Any CPU
		{1DB2F85E-FB7E-4A27-B98B-E056D6686597}.Release|Any CPU.ActiveCfg = Release|Any CPU
		{1DB2F85E-FB7E-4A27-B98B-E056D6686597}.Release|Any CPU.Build.0 = Release|Any CPU
		{67BBE372-2C57-478F-8DC9-F963E75EF26A}.Debug|Any CPU.ActiveCfg = Debug|Any CPU
		{67BBE372-2C57-478F-8DC9-F963E75EF26A}.Debug|Any CPU.Build.0 = Debug|Any CPU
		{67BBE372-2C57-478F-8DC9-F963E75EF26A}.Release|Any CPU.ActiveCfg = Release|Any CPU
		{67BBE372-2C57-478F-8DC9-F963E75EF26A}.Release|Any CPU.Build.0 = Release|Any CPU
		{8F8389AE-7A54-4056-992E-530B03D5AA18}.Debug|Any CPU.ActiveCfg = Debug|Any CPU
		{8F8389AE-7A54-4056-992E-530B03D5AA18}.Debug|Any CPU.Build.0 = Debug|Any CPU
		{8F8389AE-7A54-4056-992E-530B03D5AA18}.Release|Any CPU.ActiveCfg = Release|Any CPU
		{8F8389AE-7A54-4056-992E-530B03D5AA18}.Release|Any CPU.Build.0 = Release|Any CPU
		{4F4FA34F-D704-4ACB-AE3E-F0824BA5F494}.Debug|Any CPU.ActiveCfg = Debug|Any CPU
		{4F4FA34F-D704-4ACB-AE3E-F0824BA5F494}.Debug|Any CPU.Build.0 = Debug|Any CPU
		{4F4FA34F-D704-4ACB-AE3E-F0824BA5F494}.Release|Any CPU.ActiveCfg = Release|Any CPU
		{4F4FA34F-D704-4ACB-AE3E-F0824BA5F494}.Release|Any CPU.Build.0 = Release|Any CPU
		{DA14ED75-44E8-4758-A504-BE036B6829F7}.Debug|Any CPU.ActiveCfg = Debug|Any CPU
		{DA14ED75-44E8-4758-A504-BE036B6829F7}.Debug|Any CPU.Build.0 = Debug|Any CPU
		{DA14ED75-44E8-4758-A504-BE036B6829F7}.Release|Any CPU.ActiveCfg = Release|Any CPU
		{DA14ED75-44E8-4758-A504-BE036B6829F7}.Release|Any CPU.Build.0 = Release|Any CPU
		{4EA5BFC7-0E4E-4CB0-A14E-DD44C8088686}.Debug|Any CPU.ActiveCfg = Debug|Any CPU
		{4EA5BFC7-0E4E-4CB0-A14E-DD44C8088686}.Debug|Any CPU.Build.0 = Debug|Any CPU
		{4EA5BFC7-0E4E-4CB0-A14E-DD44C8088686}.Release|Any CPU.ActiveCfg = Release|Any CPU
		{4EA5BFC7-0E4E-4CB0-A14E-DD44C8088686}.Release|Any CPU.Build.0 = Release|Any CPU
		{D16DADAE-AEAD-4921-B0BA-F11B2FB363B8}.Debug|Any CPU.ActiveCfg = Debug|Any CPU
		{D16DADAE-AEAD-4921-B0BA-F11B2FB363B8}.Debug|Any CPU.Build.0 = Debug|Any CPU
		{D16DADAE-AEAD-4921-B0BA-F11B2FB363B8}.Release|Any CPU.ActiveCfg = Release|Any CPU
		{D16DADAE-AEAD-4921-B0BA-F11B2FB363B8}.Release|Any CPU.Build.0 = Release|Any CPU
		{B2B7456C-081C-4D32-9AE2-3411D2F15E8E}.Debug|Any CPU.ActiveCfg = Debug|Any CPU
		{B2B7456C-081C-4D32-9AE2-3411D2F15E8E}.Debug|Any CPU.Build.0 = Debug|Any CPU
		{B2B7456C-081C-4D32-9AE2-3411D2F15E8E}.Release|Any CPU.ActiveCfg = Release|Any CPU
		{B2B7456C-081C-4D32-9AE2-3411D2F15E8E}.Release|Any CPU.Build.0 = Release|Any CPU
		{D6E8F260-506A-4430-8966-ACE92CC7926D}.Debug|Any CPU.ActiveCfg = Debug|Any CPU
		{D6E8F260-506A-4430-8966-ACE92CC7926D}.Debug|Any CPU.Build.0 = Debug|Any CPU
		{D6E8F260-506A-4430-8966-ACE92CC7926D}.Release|Any CPU.ActiveCfg = Release|Any CPU
		{D6E8F260-506A-4430-8966-ACE92CC7926D}.Release|Any CPU.Build.0 = Release|Any CPU
		{22A36560-0561-430A-8C5F-8313DEC9360B}.Debug|Any CPU.ActiveCfg = Debug|Any CPU
		{22A36560-0561-430A-8C5F-8313DEC9360B}.Debug|Any CPU.Build.0 = Debug|Any CPU
		{22A36560-0561-430A-8C5F-8313DEC9360B}.Release|Any CPU.ActiveCfg = Release|Any CPU
		{22A36560-0561-430A-8C5F-8313DEC9360B}.Release|Any CPU.Build.0 = Release|Any CPU
	EndGlobalSection
	GlobalSection(SolutionProperties) = preSolution
		HideSolutionNode = FALSE
	EndGlobalSection
	GlobalSection(NestedProjects) = preSolution
		{CCE0BF05-D762-484E-B7A9-FE97CF19A0E1} = {333937B6-27B8-481E-9030-BB763B6FCECF}
		{15FCFB4E-03F4-4B8F-8408-E5E09298F094} = {333937B6-27B8-481E-9030-BB763B6FCECF}
		{5B5D2B48-9DA6-4ECE-B44E-B5ECA30BBB2F} = {333937B6-27B8-481E-9030-BB763B6FCECF}
		{4931AABF-08BD-4B32-BFF3-8653CE3ACE7B} = {5B5D2B48-9DA6-4ECE-B44E-B5ECA30BBB2F}
		{E0610047-8041-488C-ADFC-69C71057D1C4} = {5B5D2B48-9DA6-4ECE-B44E-B5ECA30BBB2F}
		{91419340-17BD-48D6-973F-B4E246C6350D} = {5B5D2B48-9DA6-4ECE-B44E-B5ECA30BBB2F}
		{91F4D513-2817-40B6-BFE1-42742A89CC73} = {5B5D2B48-9DA6-4ECE-B44E-B5ECA30BBB2F}
		{6B6F234C-0159-4302-BC8F-A066656E7F50} = {5B5D2B48-9DA6-4ECE-B44E-B5ECA30BBB2F}
		{5686741E-650E-46BA-A5AF-B90C4D984603} = {4931AABF-08BD-4B32-BFF3-8653CE3ACE7B}
		{1B010579-92D9-492A-A5FB-808AE81194F9} = {4931AABF-08BD-4B32-BFF3-8653CE3ACE7B}
		{54F61928-E3DC-4C46-8432-EF00E5D58D39} = {4931AABF-08BD-4B32-BFF3-8653CE3ACE7B}
		{3B6347A3-EBFA-4780-B272-1DBF4B3317B7} = {4931AABF-08BD-4B32-BFF3-8653CE3ACE7B}
		{0D633EB3-F52B-44E2-9681-91EDA1A3C360} = {4931AABF-08BD-4B32-BFF3-8653CE3ACE7B}
		{10B4FFE4-7078-4502-B7D9-470D229A885C} = {91419340-17BD-48D6-973F-B4E246C6350D}
		{963DC70F-9786-40A6-9ED8-4576219352E4} = {91F4D513-2817-40B6-BFE1-42742A89CC73}
		{AC8862FB-0BCB-4CDC-8C8F-EDB6BFC9C5A9} = {6B6F234C-0159-4302-BC8F-A066656E7F50}
		{7DCBA4DD-318A-4D2F-9E84-F99177B516F1} = {15FCFB4E-03F4-4B8F-8408-E5E09298F094}
		{A2555D0C-23C7-4B41-8F7B-2635771CA2CE} = {5686741E-650E-46BA-A5AF-B90C4D984603}
		{B88EA9E5-4E69-41E9-A5FF-874273AEA444} = {10B4FFE4-7078-4502-B7D9-470D229A885C}
		{9DD6AC6E-3BE5-461C-BE70-19412E7C95DB} = {963DC70F-9786-40A6-9ED8-4576219352E4}
		{E1165EF8-1DB3-4C4E-B022-952EF63D8D45} = {AC8862FB-0BCB-4CDC-8C8F-EDB6BFC9C5A9}
		{19AED536-1D61-4CB1-9FB9-A032727E8D40} = {7DCBA4DD-318A-4D2F-9E84-F99177B516F1}
		{617940DE-A98E-475E-B198-90A91FB4A1D3} = {3B6347A3-EBFA-4780-B272-1DBF4B3317B7}
		{8FBA0E0A-FB5E-4D79-8A0B-A147742AFF23} = {0D633EB3-F52B-44E2-9681-91EDA1A3C360}
		{497E6D81-4BB5-4FF7-B8F0-A65A2A0E4C2E} = {54F61928-E3DC-4C46-8432-EF00E5D58D39}
		{AE4B2C9D-7300-4519-B90F-993B7F308FA9} = {CCE0BF05-D762-484E-B7A9-FE97CF19A0E1}
		{969CD89F-03A0-4719-A5ED-6CEA8048BE74} = {1B010579-92D9-492A-A5FB-808AE81194F9}
		{CD584782-BC4C-4A0E-B9FA-DB4198E86FA7} = {E0610047-8041-488C-ADFC-69C71057D1C4}
		{C5F8AFD8-1F49-4B96-84BD-CA287B15974B} = {E0610047-8041-488C-ADFC-69C71057D1C4}
		{E324A8B6-6515-49F7-B86A-9C3BA6879FF7} = {E0610047-8041-488C-ADFC-69C71057D1C4}
		{4BEFF2BF-BCE9-455B-94D8-D5F7D9F8C6AF} = {1B010579-92D9-492A-A5FB-808AE81194F9}
		{EB5ED5C6-2F64-4281-AA17-B6351FCCDD02} = {91F4D513-2817-40B6-BFE1-42742A89CC73}
		{708E857D-17D9-406E-94A8-FF7EC0816E32} = {91F4D513-2817-40B6-BFE1-42742A89CC73}
		{24DACB23-C5BC-4F3B-AC45-1508DA99A279} = {91F4D513-2817-40B6-BFE1-42742A89CC73}
		{1DB2F85E-FB7E-4A27-B98B-E056D6686597} = {24DACB23-C5BC-4F3B-AC45-1508DA99A279}
		{67BBE372-2C57-478F-8DC9-F963E75EF26A} = {708E857D-17D9-406E-94A8-FF7EC0816E32}
		{8F8389AE-7A54-4056-992E-530B03D5AA18} = {708E857D-17D9-406E-94A8-FF7EC0816E32}
		{4F4FA34F-D704-4ACB-AE3E-F0824BA5F494} = {EB5ED5C6-2F64-4281-AA17-B6351FCCDD02}
		{36B205EB-6311-4DEC-994C-4610B14484C7} = {6B6F234C-0159-4302-BC8F-A066656E7F50}
		{6B7CD732-AE03-491E-A515-E45724298411} = {6B6F234C-0159-4302-BC8F-A066656E7F50}
		{E10AECF3-4363-43E9-9412-9D84A8D20EA0} = {6B6F234C-0159-4302-BC8F-A066656E7F50}
		{CAD592D4-CDE7-4AAD-BA27-C776FD8BAE25} = {91419340-17BD-48D6-973F-B4E246C6350D}
		{55904CBD-5C28-48E6-BD0B-CDE69471D48F} = {91419340-17BD-48D6-973F-B4E246C6350D}
		{64F3A66A-D969-4DDB-9B16-47E1DD6B5775} = {91419340-17BD-48D6-973F-B4E246C6350D}
		{DA14ED75-44E8-4758-A504-BE036B6829F7} = {55904CBD-5C28-48E6-BD0B-CDE69471D48F}
		{4EA5BFC7-0E4E-4CB0-A14E-DD44C8088686} = {64F3A66A-D969-4DDB-9B16-47E1DD6B5775}
		{D16DADAE-AEAD-4921-B0BA-F11B2FB363B8} = {CAD592D4-CDE7-4AAD-BA27-C776FD8BAE25}
		{B2B7456C-081C-4D32-9AE2-3411D2F15E8E} = {15FCFB4E-03F4-4B8F-8408-E5E09298F094}
		{D6E8F260-506A-4430-8966-ACE92CC7926D} = {15FCFB4E-03F4-4B8F-8408-E5E09298F094}
		{22A36560-0561-430A-8C5F-8313DEC9360B} = {7DCBA4DD-318A-4D2F-9E84-F99177B516F1}
	EndGlobalSection
	GlobalSection(ExtensibilityGlobals) = postSolution
		SolutionGuid = {7210E27D-1C76-4002-BFB2-0E41CBA9A418}
	EndGlobalSection
EndGlobal
